hash: af2a23f7471bce95ca8ab39984fe8e0c8a53f21937190d586d81f24360d8a19e
updated: 2016-03-19T21:45:31.048863038+11:00
imports:
- name: github.com/aws/aws-sdk-go
  version: 996f601d8198d4fdc49bb5d93c73f27a6bdfe900
  subpackages:
  - aws/credentials
  - aws/credentials/ec2rolecreds
  - aws/ec2metadata
  - aws/session
  - service/ec2
  - aws
  - aws/awserr
  - aws/client
  - aws/client/metadata
  - aws/request
  - aws/corehandlers
  - aws/defaults
  - private/endpoints
  - aws/awsutil
  - private/protocol
  - private/protocol/ec2query
  - private/signer/v4
  - private/waiter
  - private/protocol/query/queryutil
  - private/protocol/xml/xmlutil
  - private/protocol/rest
- name: github.com/BurntSushi/toml
  version: 75869ce70f3cd0f6d1473c58f4adac5941f1055a
- name: github.com/cenkalti/backoff
  version: 4dc77674aceaabba2c7e3da25d4c823edfb73f99
- name: github.com/go-ini/ini
  version: 776aa739ce9373377cd16f526cdf06cb4c89b40f
- name: github.com/hashicorp/hcl
  version: 71c7409f1abba841e528a80556ed2c67671744c3
  subpackages:
  - hcl/ast
  - hcl/parser
  - hcl/token
  - json/parser
  - hcl/scanner
  - hcl/strconv
  - json/scanner
  - json/token
- name: github.com/jmespath/go-jmespath
  version: 0b12d6b521d83fc7f755e7cfc1b1fbdd35a01a74
- name: github.com/kisielk/cmd
  version: d175a37b36239828941c8e176ffa0f4d9221f641
- name: github.com/koding/cache
  version: 704055ea875a873a183314b60735f7ba403429da
- name: github.com/kr/pretty
  version: e6ac2fc51e89a3249e82157fa0bb7a18ef9dd5bb
- name: github.com/kr/text
  version: bb797dc4fb8320488f47bf11de07a733d7233e1f
- name: github.com/magiconair/properties
  version: 497d0afefddf378f9ffb3c89db6a326985908519
- name: github.com/mitchellh/mapstructure
  version: d2dd0262208475919e1a362f675cfc0e7c10e905
- name: github.com/Sirupsen/logrus
  version: 219c8cb75c258c552e999735be6df753ffc7afdc
- name: github.com/spf13/cast
  version: ee7b3e0353166ab1f3a605294ac8cd2b77953778
- name: github.com/spf13/jwalterweatherman
  version: d00654080cddbd2b082acaa74007cb94a2b40866
- name: github.com/spf13/pflag
  version: 7f60f83a2c81bc3c3c0d5297f61ddfa68da9d3b7
- name: github.com/spf13/viper
  version: c975dc1b4eacf4ec7fdbf0873638de5d090ba323
- name: github.com/stretchr/testify
  version: 6fe211e493929a8aac0469b93f28b1d0688a9a3a
  subpackages:
  - assert
- name: golang.org/x/net
  version: 35b06af0720201bc2f326773a80767387544f8c4
  subpackages:
  - context
- name: golang.org/x/sys
  version: 7a56174f0086b32866ebd746a794417edbc678a1
  subpackages:
  - unix
- name: gopkg.in/fsnotify.v1
  version: 875cf421b32f8f1b31bd43776297876d01542279
- name: gopkg.in/yaml.v2
  version: a83829b6f1293c91addabc89d0571c246397bbf4
devImports: []
